
Microsoft Visual Studio Solution File, Format Version 12.00
# Visual Studio Version 17
VisualStudioVersion = 17.0.32112.339
MinimumVisualStudioVersion = 10.0.40219.1
Project("{FAE04EC0-301F-11D3-BF4B-00C04F79EFBC}") = "ChinookReader", "ChinookReader.csproj", "{20F1A105-8734-40B1-B32B-CB26EED61287}"
EndProject
Global
	GlobalSection(SolutionConfigurationPlatforms) = preSolution
		Debug|Any CPU = Debug|Any CPU
		Release|Any CPU = Release|Any CPU
	EndGlobalSection
	GlobalSection(ProjectConfigurationPlatforms) = postSolution
		{20F1A105-8734-40B1-B32B-CB26EED61287}.Debug|Any CPU.ActiveCfg = Debug|Any CPU
		{20F1A105-8734-40B1-B32B-CB26EED61287}.Debug|Any CPU.Build.0 = Debug|Any CPU
		{20F1A105-8734-40B1-B32B-CB26EED61287}.Release|Any CPU.ActiveCfg = Release|Any CPU
		{20F1A105-8734-40B1-B32B-CB26EED61287}.Release|Any CPU.Build.0 = Release|Any CPU
	EndGlobalSection
	GlobalSection(SolutionProperties) = preSolution
		HideSolutionNode = FALSE
	EndGlobalSection
	GlobalSection(ExtensibilityGlobals) = postSolution
		SolutionGuid = {EE8E4E4F-56EA-4489-AF2F-66E7460256D1}
	EndGlobalSection
EndGlobal
